<?xml version="1.0" encoding="utf-8"?>
<Project ToolsVersion="4.0" xmlns="http://schemas.microsoft.com/developer/msbuild/2003">
  <ItemGroup>
    <Filter Include="Header Files">
      <UniqueIdentifier>{66e10239-f6bb-4d97-81de-ad164b3d96ac}</UniqueIdentifier>
    </Filter>
    <Filter Include="Main File">
      <UniqueIdentifier>{b422ff8b-0b03-4562-aded-c8be99a50b07}</UniqueIdentifier>
    </Filter>
    <Filter Include="soloud">
      <UniqueIdentifier>{e7bfc3f3-ac53-4f93-861b-f4380fe31c7a}</UniqueIdentifier>
    </Filter>
  </ItemGroup>
  <ItemGroup>
    <ClInclude Include="Code\CImg.h">
      <Filter>Header Files</Filter>
    </ClInclude>
    <ClInclude Include="Code\classes.h">
      <Filter>Header Files</Filter>
    </ClInclude>
    <ClInclude Include="Code\constants.h">
      <Filter>Header Files</Filter>
    </ClInclude>
    <ClInclude Include="Code\functions.h">
      <Filter>Header Files</Filter>
    </ClInclude>
    <ClInclude Include="Code\map.h">
      <Filter>Header Files</Filter>
    </ClInclude>
    <ClInclude Include="Code\olcPixelGameEngine.h">
      <Filter>Header Files</Filter>
    </ClInclude>
    <ClInclude Include="Code\stb_image.h">
      <Filter>Header Files</Filter>
    </ClInclude>
    <ClInclude Include="Code\server.h">
      <Filter>Header Files</Filter>
    </ClInclude>
    <ClInclude Include="Audio Engine\include\soloud.h">
      <Filter>soloud</Filter>
    </ClInclude>
    <ClInclude Include="Audio Engine\include\soloud_audiosource.h">
      <Filter>soloud</Filter>
    </ClInclude>
    <ClInclude Include="Audio Engine\include\soloud_bassboostfilter.h">
      <Filter>soloud</Filter>
    </ClInclude>
    <ClInclude Include="Audio Engine\include\soloud_biquadresonantfilter.h">
      <Filter>soloud</Filter>
    </ClInclude>
    <ClInclude Include="Audio Engine\include\soloud_bus.h">
      <Filter>soloud</Filter>
    </ClInclude>
    <ClInclude Include="Audio Engine\include\soloud_c.h">
      <Filter>soloud</Filter>
    </ClInclude>
    <ClInclude Include="Audio Engine\include\soloud_dcremovalfilter.h">
      <Filter>soloud</Filter>
    </ClInclude>
    <ClInclude Include="Audio Engine\include\soloud_echofilter.h">
      <Filter>soloud</Filter>
    </ClInclude>
    <ClInclude Include="Audio Engine\include\soloud_error.h">
      <Filter>soloud</Filter>
    </ClInclude>
    <ClInclude Include="Audio Engine\include\soloud_fader.h">
      <Filter>soloud</Filter>
    </ClInclude>
    <ClInclude Include="Audio Engine\include\soloud_fft.h">
      <Filter>soloud</Filter>
    </ClInclude>
    <ClInclude Include="Audio Engine\include\soloud_fftfilter.h">
      <Filter>soloud</Filter>
    </ClInclude>
    <ClInclude Include="Audio Engine\include\soloud_file.h">
      <Filter>soloud</Filter>
    </ClInclude>
    <ClInclude Include="Audio Engine\include\soloud_file_hack_off.h">
      <Filter>soloud</Filter>
    </ClInclude>
    <ClInclude Include="Audio Engine\include\soloud_file_hack_on.h">
      <Filter>soloud</Filter>
    </ClInclude>
    <ClInclude Include="Audio Engine\include\soloud_filter.h">
      <Filter>soloud</Filter>
    </ClInclude>
    <ClInclude Include="Audio Engine\include\soloud_flangerfilter.h">
      <Filter>soloud</Filter>
    </ClInclude>
    <ClInclude Include="Audio Engine\include\soloud_freeverbfilter.h">
      <Filter>soloud</Filter>
    </ClInclude>
    <ClInclude Include="Audio Engine\include\soloud_internal.h">
      <Filter>soloud</Filter>
    </ClInclude>
    <ClInclude Include="Audio Engine\include\soloud_lofifilter.h">
      <Filter>soloud</Filter>
    </ClInclude>
    <ClInclude Include="Audio Engine\include\soloud_misc.h">
      <Filter>soloud</Filter>
    </ClInclude>
    <ClInclude Include="Audio Engine\include\soloud_monotone.h">
      <Filter>soloud</Filter>
    </ClInclude>
    <ClInclude Include="Audio Engine\include\soloud_noise.h">
      <Filter>soloud</Filter>
    </ClInclude>
    <ClInclude Include="Audio Engine\include\soloud_openmpt.h">
      <Filter>soloud</Filter>
    </ClInclude>
    <ClInclude Include="Audio Engine\include\soloud_queue.h">
      <Filter>soloud</Filter>
    </ClInclude>
    <ClInclude Include="Audio Engine\include\soloud_robotizefilter.h">
      <Filter>soloud</Filter>
    </ClInclude>
    <ClInclude Include="Audio Engine\include\soloud_sfxr.h">
      <Filter>soloud</Filter>
    </ClInclude>
    <ClInclude Include="Audio Engine\include\soloud_speech.h">
      <Filter>soloud</Filter>
    </ClInclude>
    <ClInclude Include="Audio Engine\include\soloud_tedsid.h">
      <Filter>soloud</Filter>
    </ClInclude>
    <ClInclude Include="Audio Engine\include\soloud_thread.h">
      <Filter>soloud</Filter>
    </ClInclude>
    <ClInclude Include="Audio Engine\include\soloud_vic.h">
      <Filter>soloud</Filter>
    </ClInclude>
    <ClInclude Include="Audio Engine\include\soloud_vizsn.h">
      <Filter>soloud</Filter>
    </ClInclude>
    <ClInclude Include="Audio Engine\include\soloud_wav.h">
      <Filter>soloud</Filter>
    </ClInclude>
    <ClInclude Include="Audio Engine\include\soloud_waveshaperfilter.h">
      <Filter>soloud</Filter>
    </ClInclude>
    <ClInclude Include="Audio Engine\include\soloud_wavstream.h">
      <Filter>soloud</Filter>
    </ClInclude>
    <ClInclude Include="audio.h">
      <Filter>Header Files</Filter>
    </ClInclude>
  </ItemGroup>
  <ItemGroup>
    <ClCompile Include="Code\main.cpp">
      <Filter>Main File</Filter>
    </ClCompile>
  </ItemGroup>
</Project>